{
	"name": "@rbxts/miumiu",
	"version": "0.1.0",
	"lockfileVersion": 3,
	"requires": true,
	"packages": {
		"": {
			"name": "@rbxts/miumiu",
			"version": "0.1.0",
			"license": "MIT",
			"devDependencies": {
				"@rbxts/compiler-types": "^3.0.0-types.0",
				"@rbxts/jecs": "^0.11.0",
				"@rbxts/lapis": "^0.3.8",
				"@rbxts/types": "^1.0.911",
				"typescript": "^5.5.3"
			},
			"peerDependencies": {
				"@rbxts/jecs": "^0.11.0"
			}
		},
		"node_modules/@rbxts/compiler-types": {
			"version": "3.0.0-types.0",
			"resolved": "https://registry.npmjs.org/@rbxts/compiler-types/-/compiler-types-3.0.0-types.0.tgz",
			"integrity": "sha512-VGOHJPoL7+56NTatMGqQj3K7xWuzEV+aP4QD5vZiHu+bcff3kiTmtoadaF6NkJrmwfFAvbsd4Dg764ZjWNceag==",
			"dev": true,
			"license": "MIT"
		},
		"node_modules/@rbxts/jecs": {
			"version": "0.11.0",
			"resolved": "https://registry.npmjs.org/@rbxts/jecs/-/jecs-0.11.0.tgz",
			"integrity": "sha512-rJPZkqrL8PXVX5YP5a9gMcddm8U7TeXZDYEbBTAXs81r9IKhTWNVxGoFRPTbsDT4BhwM0LMvydvWDAqHvWzHpA==",
			"dev": true,
			"license": "MIT"
		},
		"node_modules/@rbxts/lapis": {
			"version": "0.3.8",
			"resolved": "https://registry.npmjs.org/@rbxts/lapis/-/lapis-0.3.8.tgz",
			"integrity": "sha512-SQTVdSp47Rh7nzuI/ArUsGssz2+KmciPlue4Qlj3i9iO2p3Xgf1ZsgfhvMemPih/kFdjSH47E8wHGA4dY/Y+AA==",
			"dev": true,
			"license": "MIT",
			"peerDependencies": {
				"@rbxts/t": "*"
			}
		},
		"node_modules/@rbxts/t": {
			"version": "3.2.1",
			"resolved": "https://registry.npmjs.org/@rbxts/t/-/t-3.2.1.tgz",
			"integrity": "sha512-/fnf2QSx+TI3HSJ6QW2ikvGQk0mlx/63UXo60pLAKGqbxXiAuTJh88bpKpHw6aCzfFLJAwrVIcgCUOokLMPcag==",
			"dev": true,
			"license": "ISC",
			"peer": true
		},
		"node_modules/@rbxts/types": {
			"version": "1.0.947",
			"resolved": "https://registry.npmjs.org/@rbxts/types/-/types-1.0.947.tgz",
			"integrity": "sha512-NAGa6dAvP6kD3mNNZUnwTDenzqgbK7kbCp1ZXgTuKN+sH0AoO5M32TAFfdGbOCMkSysl3YhHc+B0PA6oGMCkAA==",
			"dev": true,
			"license": "MIT"
		},
		"node_modules/typescript": {
			"version": "5.9.3",
			"resolved": "https://registry.npmjs.org/typescript/-/typescript-5.9.3.tgz",
			"integrity": "sha512-jl1vZzPDinLr9eUt3J/t7V6FgNEw9QjvBPdysz9KfQDD41fQrC2Y4vKQdiaUpFT4bXlb1RHhLpp8wtm6M5TgSw==",
			"dev": true,
			"license": "Apache-2.0",
			"bin": {
				"tsc": "bin/tsc",
				"tsserver": "bin/tsserver"
			},
			"engines": {
				"node": ">=14.17"
			}
		}
	}
}
