# This file is automatically @generated by Wally.
# It is not intended for manual editing.
registry = "test"

[[package]]
name = "buildthomas/mockdatastoreservice"
version = "1.0.3"
dependencies = []

[[package]]
name = "cheetiedotpy/miumiu"
version = "0.3.0-pepecs.0"
dependencies = [["pepecs", "pepeeltoro41/pepecs@0.1.0"], ["mockdatastoreservice", "buildthomas/mockdatastoreservice@1.0.3"], ["testez", "roblox/testez@0.4.1"]]

[[package]]
name = "pepeeltoro41/pepecs"
version = "0.1.0"
dependencies = []

[[package]]
name = "roblox/testez"
version = "0.4.1"
dependencies = []
